
Microsoft Visual Studio Solution File, Format Version 12.00
# Visual Studio Version 17
VisualStudioVersion = 17.11.35208.52
MinimumVisualStudioVersion = 10.0.40219.1
Project("{FAE04EC0-301F-11D3-BF4B-00C04F79EFBC}") = "VarAndDynamicExample", "VarAndDynamicExample\VarAndDynamicExample.csproj", "{E5251904-961A-4F2C-9A77-39AF3D488F52}"
EndProject
Global
	GlobalSection(SolutionConfigurationPlatforms) = preSolution
		Debug|Any CPU = Debug|Any CPU
		Release|Any CPU = Release|Any CPU
	EndGlobalSection
	GlobalSection(ProjectConfigurationPlatforms) = postSolution
		{E5251904-961A-4F2C-9A77-39AF3D488F52}.Debug|Any CPU.ActiveCfg = Debug|Any CPU
		{E5251904-961A-4F2C-9A77-39AF3D488F52}.Debug|Any CPU.Build.0 = Debug|Any CPU
		{E5251904-961A-4F2C-9A77-39AF3D488F52}.Release|Any CPU.ActiveCfg = Release|Any CPU
		{E5251904-961A-4F2C-9A77-39AF3D488F52}.Release|Any CPU.Build.0 = Release|Any CPU
	EndGlobalSection
	GlobalSection(SolutionProperties) = preSolution
		HideSolutionNode = FALSE
	EndGlobalSection
	GlobalSection(ExtensibilityGlobals) = postSolution
		SolutionGuid = {5796C7BC-6AC4-4A53-8E5A-4FDA81D6E4A9}
	EndGlobalSection
EndGlobal
